
Microsoft Visual Studio Solution File, Format Version 12.00
# Visual Studio 2012
Project("{FAE04EC0-301F-11D3-BF4B-00C04F79EFBC}") = "HashText", "HashText\HashText.csproj", "{0CE58872-64CB-48F4-A832-DE9636459328}"
EndProject
Project("{FAE04EC0-301F-11D3-BF4B-00C04F79EFBC}") = "HashText.UITests", "HashText.UITests\HashText.UITests.csproj", "{7CAFE276-59B2-4CB6-80FA-B21BB3367873}"
EndProject
Global
	GlobalSection(SolutionConfigurationPlatforms) = preSolution
		Debug|Any CPU = Debug|Any CPU
		Release|Any CPU = Release|Any CPU
	EndGlobalSection
	GlobalSection(ProjectConfigurationPlatforms) = postSolution
		{0CE58872-64CB-48F4-A832-DE9636459328}.Debug|Any CPU.ActiveCfg = Debug|Any CPU
		{0CE58872-64CB-48F4-A832-DE9636459328}.Debug|Any CPU.Build.0 = Debug|Any CPU
		{0CE58872-64CB-48F4-A832-DE9636459328}.Release|Any CPU.ActiveCfg = Release|Any CPU
		{0CE58872-64CB-48F4-A832-DE9636459328}.Release|Any CPU.Build.0 = Release|Any CPU
		{7CAFE276-59B2-4CB6-80FA-B21BB3367873}.Debug|Any CPU.ActiveCfg = Debug|Any CPU
		{7CAFE276-59B2-4CB6-80FA-B21BB3367873}.Debug|Any CPU.Build.0 = Debug|Any CPU
		{7CAFE276-59B2-4CB6-80FA-B21BB3367873}.Release|Any CPU.ActiveCfg = Release|Any CPU
		{7CAFE276-59B2-4CB6-80FA-B21BB3367873}.Release|Any CPU.Build.0 = Release|Any CPU
	EndGlobalSection
EndGlobal
